PODS:
  - AutoInsetter (1.3.0)
  - BoringSSL (10.0.6):
    - BoringSSL/Implementation (= 10.0.6)
    - BoringSSL/Interface (= 10.0.6)
  - BoringSSL/Implementation (10.0.6):
    - BoringSSL/Interface (= 10.0.6)
  - BoringSSL/Interface (10.0.6)
  - CodableFirebase (0.2.1)
  - Cosmos (17.0.0)
  - Firebase (5.13.0):
    - Firebase/Core (= 5.13.0)
  - Firebase/Auth (5.13.0):
    - Firebase/CoreOnly
    - FirebaseAuth (= 5.0.5)
  - Firebase/Core (5.13.0):
    - Firebase/CoreOnly
    - FirebaseAnalytics (= 5.3.0)
  - Firebase/CoreOnly (5.13.0):
    - FirebaseCore (= 5.1.8)
  - Firebase/Database (5.13.0):
    - Firebase/CoreOnly
    - FirebaseDatabase (= 5.0.3)
  - Firebase/Firestore (5.13.0):
    - Firebase/CoreOnly
    - FirebaseFirestore (= 0.15.0)
  - Firebase/Messaging (5.13.0):
    - Firebase/CoreOnly
    - FirebaseMessaging (= 3.2.1)
  - Firebase/Storage (5.13.0):
    - Firebase/CoreOnly
    - FirebaseStorage (= 3.0.3)
  - FirebaseAnalytics (5.3.0):
    - FirebaseCore (~> 5.1)
    - FirebaseInstanceID (~> 3.3)
    - GoogleAppMeasurement (~> 5.3)
    - GoogleUtilities/AppDelegateSwizzler (~> 5.2)
    - GoogleUtilities/MethodSwizzler (~> 5.2)
    - GoogleUtilities/Network (~> 5.2)
    - "GoogleUtilities/NSData+zlib (~> 5.2)"
    - nanopb (~> 0.3)
  - FirebaseAnalyticsInterop (1.1.0)
  - FirebaseAuth (5.0.5):
    - FirebaseAuthInterop (~> 1.0)
    - FirebaseCore (~> 5.1)
    - GoogleUtilities/Environment (~> 5.2)
    - GTMSessionFetcher/Core (~> 1.1)
  - FirebaseAuthInterop (1.0.0)
  - FirebaseCore (5.1.8):
    - GoogleUtilities/Logger (~> 5.2)
  - FirebaseDatabase (5.0.3):
    - FirebaseCore (~> 5.0)
    - leveldb-library (~> 1.18)
  - FirebaseFirestore (0.15.0):
    - FirebaseAuthInterop (~> 1.0)
    - FirebaseCore (~> 5.1)
    - FirebaseFirestore/abseil-cpp (= 0.15.0)
    - "gRPC-C++ (~> 0.0.3)"
    - leveldb-library (~> 1.20)
    - nanopb (~> 0.3.8)
    - Protobuf (~> 3.1)
  - FirebaseFirestore/abseil-cpp (0.15.0):
    - FirebaseAuthInterop (~> 1.0)
    - FirebaseCore (~> 5.1)
    - "gRPC-C++ (~> 0.0.3)"
    - leveldb-library (~> 1.20)
    - nanopb (~> 0.3.8)
    - Protobuf (~> 3.1)
  - FirebaseInstanceID (3.3.0):
    - FirebaseCore (~> 5.1)
    - GoogleUtilities/Environment (~> 5.3)
    - GoogleUtilities/UserDefaults (~> 5.3)
  - FirebaseMessaging (3.2.1):
    - FirebaseAnalyticsInterop (~> 1.1)
    - FirebaseCore (~> 5.1)
    - FirebaseInstanceID (~> 3.0)
    - GoogleUtilities/Environment (~> 5.2)
    - GoogleUtilities/Reachability (~> 5.2)
    - Protobuf (~> 3.1)
  - FirebaseStorage (3.0.3):
    - FirebaseAuthInterop (~> 1.0)
    - FirebaseCore (~> 5.1)
    - GTMSessionFetcher/Core (~> 1.1)
  - GeoFire (3.0.0):
    - Firebase/Database (~> 5.0)
  - Geofirestore (1.2.0):
    - Firebase (~> 5.4)
    - FirebaseCore (~> 5.0)
    - FirebaseFirestore (~> 0.12)
    - GeoFire (~> 3.0)
  - GMStepper (2.2)
  - GoogleAppMeasurement (5.3.0):
    - GoogleUtilities/AppDelegateSwizzler (~> 5.2)
    - GoogleUtilities/MethodSwizzler (~> 5.2)
    - GoogleUtilities/Network (~> 5.2)
    - "GoogleUtilities/NSData+zlib (~> 5.2)"
    - nanopb (~> 0.3)
  - GoogleUtilities/AppDelegateSwizzler (5.3.6):
    - GoogleUtilities/Environment
    - GoogleUtilities/Logger
    - GoogleUtilities/Network
  - GoogleUtilities/Environment (5.3.6)
  - GoogleUtilities/Logger (5.3.6):
    - GoogleUtilities/Environment
  - GoogleUtilities/MethodSwizzler (5.3.6):
    - GoogleUtilities/Logger
  - GoogleUtilities/Network (5.3.6):
    - GoogleUtilities/Logger
    - "GoogleUtilities/NSData+zlib"
    - GoogleUtilities/Reachability
  - "GoogleUtilities/NSData+zlib (5.3.6)"
  - GoogleUtilities/Reachability (5.3.6):
    - GoogleUtilities/Logger
  - GoogleUtilities/UserDefaults (5.3.6):
    - GoogleUtilities/Logger
  - "gRPC-C++ (0.0.5)":
    - "gRPC-C++/Implementation (= 0.0.5)"
    - "gRPC-C++/Interface (= 0.0.5)"
  - "gRPC-C++/Implementation (0.0.5)":
    - "gRPC-C++/Interface (= 0.0.5)"
    - gRPC-Core (= 1.14.0)
    - nanopb (~> 0.3)
  - "gRPC-C++/Interface (0.0.5)"
  - gRPC-Core (1.14.0):
    - gRPC-Core/Implementation (= 1.14.0)
    - gRPC-Core/Interface (= 1.14.0)
  - gRPC-Core/Implementation (1.14.0):
    - BoringSSL (~> 10.0)
    - gRPC-Core/Interface (= 1.14.0)
    - nanopb (~> 0.3)
  - gRPC-Core/Interface (1.14.0)
  - GTMSessionFetcher/Core (1.2.1)
  - leveldb-library (1.20)
  - Mapbox-iOS-SDK (4.6.0)
  - nanopb (0.3.901):
    - nanopb/decode (= 0.3.901)
    - nanopb/encode (= 0.3.901)
  - nanopb/decode (0.3.901)
  - nanopb/encode (0.3.901)
  - Pageboy (2.6.1)
  - Presentr (1.9)
  - Protobuf (3.6.1)
  - SwiftLint (0.28.1)
  - SwiftyDraw (2.1.1)
  - Tabman (1.10.2):
    - AutoInsetter (~> 1.3.0)
    - Pageboy (~> 2.6.0)
  - WSTagsField (4.0.0)

DEPENDENCIES:
  - CodableFirebase
  - Cosmos
  - Firebase/Auth
  - Firebase/Core
  - Firebase/Database
  - Firebase/Firestore
  - Firebase/Messaging
  - Firebase/Storage
  - Geofirestore
  - GMStepper
  - Mapbox-iOS-SDK
  - Presentr
  - SwiftLint
  - SwiftyDraw
  - Tabman (~> 1.10)
  - WSTagsField

SPEC REPOS:
  https://github.com/cocoapods/specs.git:
    - AutoInsetter
    - BoringSSL
    - CodableFirebase
    - Cosmos
    - Firebase
    - FirebaseAnalytics
    - FirebaseAnalyticsInterop
    - FirebaseAuth
    - FirebaseAuthInterop
    - FirebaseCore
    - FirebaseDatabase
    - FirebaseFirestore
    - FirebaseInstanceID
    - FirebaseMessaging
    - FirebaseStorage
    - GeoFire
    - Geofirestore
    - GMStepper
    - GoogleAppMeasurement
    - GoogleUtilities
    - "gRPC-C++"
    - gRPC-Core
    - GTMSessionFetcher
    - leveldb-library
    - Mapbox-iOS-SDK
    - nanopb
    - Pageboy
    - Presentr
    - Protobuf
    - SwiftLint
    - SwiftyDraw
    - Tabman
    - WSTagsField

SPEC CHECKSUMS:
  AutoInsetter: 0ea4dddc17042ab45114ec5d5980764efae98584
  BoringSSL: e10f92a27043805c01071fe815a5cd98ae8212e7
  CodableFirebase: 0bf201991eeec35eb9fcd987d271ea463cf34a80
  Cosmos: 309e489f21ffc91a1eeecfebef7f817cd2fcfba6
  Firebase: 6df9a6114bc9f106a98fe83d5438d4d9833c2019
  FirebaseAnalytics: 63202d2665de4e6adcbdce189135255d8b5962ba
  FirebaseAnalyticsInterop: e5f21be9af6548372e2f0815834ff909bff395a2
  FirebaseAuth: 9299ab178271bec7426967b05b2718bb6fc31f17
  FirebaseAuthInterop: 0ffa57668be100582bb7643d4fcb7615496c41fc
  FirebaseCore: fba2bfaa691c49028309b92e4dd37cc4b5512fbe
  FirebaseDatabase: e2bcbc106adc4b11a2da3ec2eb63c0c4a44f2f54
  FirebaseFirestore: 9e9411f13a0aba72d4f631899611d09e43734c48
  FirebaseInstanceID: e2fa4cb35ef5558c200f7f0ad8a53e212215f93e
  FirebaseMessaging: 0f14a264b0d7f867e8eff5d3556bc5d0d4e57888
  FirebaseStorage: 3d22c041370593e639fba013d1eb698a8dae2881
  GeoFire: e3ae6f4be3f2466c3467ef6c1c203db3af935c59
  Geofirestore: ad548ea5e3c1ae595c746c7b796df5534d8202f3
  GMStepper: 89fb106944dfcc3aa3add7164e3ebd463ea2104b
  GoogleAppMeasurement: 5029d78f2b438bd30ffb44e6c558b57c21622727
  GoogleUtilities: 95996bea7c7d9b8fb811b7507669a4a8762f80c7
  "gRPC-C++": 19eec1ffd34de29453f5fab5b4697ad0f240ad51
  gRPC-Core: f4836515817c0eb479aeeb9cc27c91c4ba62a9f6
  GTMSessionFetcher: 32aeca0aa144acea523e1c8e053089dec2cb98ca
  leveldb-library: 08cba283675b7ed2d99629a4bc5fd052cd2bb6a5
  Mapbox-iOS-SDK: 204c04713477cf2a88c52c5a8eed1790eb75a02a
  nanopb: 2901f78ea1b7b4015c860c2fdd1ea2fee1a18d48
  Pageboy: c2a25d1c280e9b622014b692626f1ff9298e0ad2
  Presentr: 7078d7eb5d1661ebeaae60c9e42a1e534de1b993
  Protobuf: 1eb9700044745f00181c136ef21b8ff3ad5a0fd5
  SwiftLint: 7f5f7de0da74a649b16616cb5246ae323489656e
  SwiftyDraw: e6e873314a0440a042c624906303043a55fe76cf
  Tabman: 6cff148419c5d8812d0e9f08f93b6f1c6ba54502
  WSTagsField: 3a10b75c304999ead6fb2251ddc2844266e7d9f2

PODFILE CHECKSUM: c87a73de550845a079cd8cfe98067ec11eb4d3e7

COCOAPODS: 1.5.3
